
Microsoft Visual Studio Solution File, Format Version 12.00
# Visual Studio Version 16
VisualStudioVersion = 16.0.31829.152
MinimumVisualStudioVersion = 10.0.40219.1
Project("{FAE04EC0-301F-11D3-BF4B-00C04F79EFBC}") = "GarbageCollection", "GarbageCollection.csproj", "{18CBA129-EC0C-46E8-8033-547F08CDCCD6}"
EndProject
Global
	GlobalSection(SolutionConfigurationPlatforms) = preSolution
		Debug|Any CPU = Debug|Any CPU
		Release|Any CPU = Release|Any CPU
	EndGlobalSection
	GlobalSection(ProjectConfigurationPlatforms) = postSolution
		{18CBA129-EC0C-46E8-8033-547F08CDCCD6}.Debug|Any CPU.ActiveCfg = Debug|Any CPU
		{18CBA129-EC0C-46E8-8033-547F08CDCCD6}.Debug|Any CPU.Build.0 = Debug|Any CPU
		{18CBA129-EC0C-46E8-8033-547F08CDCCD6}.Release|Any CPU.ActiveCfg = Release|Any CPU
		{18CBA129-EC0C-46E8-8033-547F08CDCCD6}.Release|Any CPU.Build.0 = Release|Any CPU
	EndGlobalSection
	GlobalSection(SolutionProperties) = preSolution
		HideSolutionNode = FALSE
	EndGlobalSection
	GlobalSection(ExtensibilityGlobals) = postSolution
		SolutionGuid = {1FE6C3BD-D917-4572-B550-0AE81EE18968}
	EndGlobalSection
EndGlobal
